
Microsoft Visual Studio Solution File, Format Version 12.00
# Visual Studio 14
VisualStudioVersion = 14.0.22823.1
MinimumVisualStudioVersion = 10.0.40219.1
Project("{FAE04EC0-301F-11D3-BF4B-00C04F79EFBC}") = "学习02MEF", "学习02MEF\学习02MEF.csproj", "{8F3F0290-0F67-49F6-AEBA-862815A227C4}"
EndProject
Project("{FAE04EC0-301F-11D3-BF4B-00C04F79EFBC}") = "MEF.Core", "MEF.Core\MEF.Core.csproj", "{7354529C-50ED-4525-83D5-6DED7B61126D}"
EndProject
Project("{FAE04EC0-301F-11D3-BF4B-00C04F79EFBC}") = "SayHi", "SayHi\SayHi.csproj", "{5BF8C3CE-C53D-43A3-BB07-91D0049CA865}"
EndProject
Global
	GlobalSection(SolutionConfigurationPlatforms) = preSolution
		Debug|Any CPU = Debug|Any CPU
		Release|Any CPU = Release|Any CPU
	EndGlobalSection
	GlobalSection(ProjectConfigurationPlatforms) = postSolution
		{8F3F0290-0F67-49F6-AEBA-862815A227C4}.Debug|Any CPU.ActiveCfg = Debug|Any CPU
		{8F3F0290-0F67-49F6-AEBA-862815A227C4}.Debug|Any CPU.Build.0 = Debug|Any CPU
		{8F3F0290-0F67-49F6-AEBA-862815A227C4}.Release|Any CPU.ActiveCfg = Release|Any CPU
		{8F3F0290-0F67-49F6-AEBA-862815A227C4}.Release|Any CPU.Build.0 = Release|Any CPU
		{7354529C-50ED-4525-83D5-6DED7B61126D}.Debug|Any CPU.ActiveCfg = Debug|Any CPU
		{7354529C-50ED-4525-83D5-6DED7B61126D}.Debug|Any CPU.Build.0 = Debug|Any CPU
		{7354529C-50ED-4525-83D5-6DED7B61126D}.Release|Any CPU.ActiveCfg = Release|Any CPU
		{7354529C-50ED-4525-83D5-6DED7B61126D}.Release|Any CPU.Build.0 = Release|Any CPU
		{5BF8C3CE-C53D-43A3-BB07-91D0049CA865}.Debug|Any CPU.ActiveCfg = Debug|Any CPU
		{5BF8C3CE-C53D-43A3-BB07-91D0049CA865}.Debug|Any CPU.Build.0 = Debug|Any CPU
		{5BF8C3CE-C53D-43A3-BB07-91D0049CA865}.Release|Any CPU.ActiveCfg = Release|Any CPU
		{5BF8C3CE-C53D-43A3-BB07-91D0049CA865}.Release|Any CPU.Build.0 = Release|Any CPU
	EndGlobalSection
	GlobalSection(SolutionProperties) = preSolution
		HideSolutionNode = FALSE
	EndGlobalSection
EndGlobal
